
Microsoft Visual Studio Solution File, Format Version 12.00
# Visual Studio Version 17
VisualStudioVersion = 17.0.31903.59
MinimumVisualStudioVersion = 10.0.40219.1
Project("{FAE04EC0-301F-11D3-BF4B-00C04F79EFBC}") = "Waterfall.Tests", "Waterfall.Tests\Waterfall.Tests.csproj", "{72973159-440E-4F19-9CF9-32F20F19BF8A}"
EndProject
Project("{FAE04EC0-301F-11D3-BF4B-00C04F79EFBC}") = "Waterfall", "Waterfall\Waterfall.csproj", "{777107E5-55CF-4853-8A86-107697699752}"
EndProject
Global
	GlobalSection(SolutionConfigurationPlatforms) = preSolution
		Debug|Any CPU = Debug|Any CPU
		Release|Any CPU = Release|Any CPU
	EndGlobalSection
	GlobalSection(SolutionProperties) = preSolution
		HideSolutionNode = FALSE
	EndGlobalSection
	GlobalSection(ProjectConfigurationPlatforms) = postSolution
		{72973159-440E-4F19-9CF9-32F20F19BF8A}.Debug|Any CPU.ActiveCfg = Debug|Any CPU
		{72973159-440E-4F19-9CF9-32F20F19BF8A}.Debug|Any CPU.Build.0 = Debug|Any CPU
		{72973159-440E-4F19-9CF9-32F20F19BF8A}.Release|Any CPU.ActiveCfg = Release|Any CPU
		{72973159-440E-4F19-9CF9-32F20F19BF8A}.Release|Any CPU.Build.0 = Release|Any CPU
		{777107E5-55CF-4853-8A86-107697699752}.Debug|Any CPU.ActiveCfg = Debug|Any CPU
		{777107E5-55CF-4853-8A86-107697699752}.Debug|Any CPU.Build.0 = Debug|Any CPU
		{777107E5-55CF-4853-8A86-107697699752}.Release|Any CPU.ActiveCfg = Release|Any CPU
		{777107E5-55CF-4853-8A86-107697699752}.Release|Any CPU.Build.0 = Release|Any CPU
	EndGlobalSection
EndGlobal
